
Microsoft Visual Studio Solution File, Format Version 12.00
# Visual Studio Version 16
VisualStudioVersion = 16.0.31205.134
MinimumVisualStudioVersion = 10.0.40219.1
Project("{FAE04EC0-301F-11D3-BF4B-00C04F79EFBC}") = "PhoneBookChain", "PhoneBookChain.csproj", "{1BCD1E1C-A118-4AAD-9362-0AC11A2C568A}"
EndProject
Global
	GlobalSection(SolutionConfigurationPlatforms) = preSolution
		Debug|Any CPU = Debug|Any CPU
		Release|Any CPU = Release|Any CPU
	EndGlobalSection
	GlobalSection(ProjectConfigurationPlatforms) = postSolution
		{1BCD1E1C-A118-4AAD-9362-0AC11A2C568A}.Debug|Any CPU.ActiveCfg = Debug|Any CPU
		{1BCD1E1C-A118-4AAD-9362-0AC11A2C568A}.Debug|Any CPU.Build.0 = Debug|Any CPU
		{1BCD1E1C-A118-4AAD-9362-0AC11A2C568A}.Release|Any CPU.ActiveCfg = Release|Any CPU
		{1BCD1E1C-A118-4AAD-9362-0AC11A2C568A}.Release|Any CPU.Build.0 = Release|Any CPU
	EndGlobalSection
	GlobalSection(SolutionProperties) = preSolution
		HideSolutionNode = FALSE
	EndGlobalSection
	GlobalSection(ExtensibilityGlobals) = postSolution
		SolutionGuid = {11EA45B6-B032-44FB-B5E8-43A5EE88B46C}
	EndGlobalSection
EndGlobal
