
Microsoft Visual Studio Solution File, Format Version 12.00
# Visual Studio Version 16
VisualStudioVersion = 16.0.31205.134
MinimumVisualStudioVersion = 10.0.40219.1
Project("{FAE04EC0-301F-11D3-BF4B-00C04F79EFBC}") = "PhoneBookChain", "PhoneBookChain.csproj", "{1BCD1E1C-A118-4AAD-9362-0AC11A2C568A}"
EndProject
Project("{FAE04EC0-301F-11D3-BF4B-00C04F79EFBC}") = "DataGridView_test", "..\DataGridView_test\DataGridView_test.csproj", "{B2233D8D-E89F-4E3D-B2CB-373587773C32}"
EndProject
Project("{FAE04EC0-301F-11D3-BF4B-00C04F79EFBC}") = "PhoneBase", "..\PhoneBook1\PhoneBase.csproj", "{17BDE0C1-FE7E-49C9-9590-CA71423316A5}"
EndProject
Project("{FAE04EC0-301F-11D3-BF4B-00C04F79EFBC}") = "ConsoleApp4", "..\ConsoleApp4\ConsoleApp4.csproj", "{C4EEEA38-A1FF-4C6D-B07C-77EFF69F380F}"
EndProject
Project("{FAE04EC0-301F-11D3-BF4B-00C04F79EFBC}") = "ConsoleApp5", "..\ConsoleApp5\ConsoleApp5.csproj", "{B61CE989-CFE2-432F-87A3-9241DF137DC9}"
EndProject
Project("{FAE04EC0-301F-11D3-BF4B-00C04F79EFBC}") = "WindowsFormsApp1DataGridTest", "..\WindowsFormsApp1DataGridTest\WindowsFormsApp1DataGridTest.csproj", "{4A2DE39D-D96A-4084-AED3-D7C7F80BADD9}"
EndProject
Project("{FAE04EC0-301F-11D3-BF4B-00C04F79EFBC}") = "ConsoleApp6", "..\ConsoleApp6\ConsoleApp6.csproj", "{925C8D26-AA39-4685-B0E7-B17E0D212A21}"
EndProject
Global
	GlobalSection(SolutionConfigurationPlatforms) = preSolution
		Debug|Any CPU = Debug|Any CPU
		Release|Any CPU = Release|Any CPU
	EndGlobalSection
	GlobalSection(ProjectConfigurationPlatforms) = postSolution
		{1BCD1E1C-A118-4AAD-9362-0AC11A2C568A}.Debug|Any CPU.ActiveCfg = Debug|Any CPU
		{1BCD1E1C-A118-4AAD-9362-0AC11A2C568A}.Debug|Any CPU.Build.0 = Debug|Any CPU
		{1BCD1E1C-A118-4AAD-9362-0AC11A2C568A}.Release|Any CPU.ActiveCfg = Release|Any CPU
		{1BCD1E1C-A118-4AAD-9362-0AC11A2C568A}.Release|Any CPU.Build.0 = Release|Any CPU
		{B2233D8D-E89F-4E3D-B2CB-373587773C32}.Debug|Any CPU.ActiveCfg = Debug|Any CPU
		{B2233D8D-E89F-4E3D-B2CB-373587773C32}.Debug|Any CPU.Build.0 = Debug|Any CPU
		{B2233D8D-E89F-4E3D-B2CB-373587773C32}.Release|Any CPU.ActiveCfg = Release|Any CPU
		{B2233D8D-E89F-4E3D-B2CB-373587773C32}.Release|Any CPU.Build.0 = Release|Any CPU
		{17BDE0C1-FE7E-49C9-9590-CA71423316A5}.Debug|Any CPU.ActiveCfg = Debug|Any CPU
		{17BDE0C1-FE7E-49C9-9590-CA71423316A5}.Debug|Any CPU.Build.0 = Debug|Any CPU
		{17BDE0C1-FE7E-49C9-9590-CA71423316A5}.Release|Any CPU.ActiveCfg = Release|Any CPU
		{17BDE0C1-FE7E-49C9-9590-CA71423316A5}.Release|Any CPU.Build.0 = Release|Any CPU
		{C4EEEA38-A1FF-4C6D-B07C-77EFF69F380F}.Debug|Any CPU.ActiveCfg = Debug|Any CPU
		{C4EEEA38-A1FF-4C6D-B07C-77EFF69F380F}.Debug|Any CPU.Build.0 = Debug|Any CPU
		{C4EEEA38-A1FF-4C6D-B07C-77EFF69F380F}.Release|Any CPU.ActiveCfg = Release|Any CPU
		{C4EEEA38-A1FF-4C6D-B07C-77EFF69F380F}.Release|Any CPU.Build.0 = Release|Any CPU
		{B61CE989-CFE2-432F-87A3-9241DF137DC9}.Debug|Any CPU.ActiveCfg = Debug|Any CPU
		{B61CE989-CFE2-432F-87A3-9241DF137DC9}.Debug|Any CPU.Build.0 = Debug|Any CPU
		{B61CE989-CFE2-432F-87A3-9241DF137DC9}.Release|Any CPU.ActiveCfg = Release|Any CPU
		{B61CE989-CFE2-432F-87A3-9241DF137DC9}.Release|Any CPU.Build.0 = Release|Any CPU
		{4A2DE39D-D96A-4084-AED3-D7C7F80BADD9}.Debug|Any CPU.ActiveCfg = Debug|Any CPU
		{4A2DE39D-D96A-4084-AED3-D7C7F80BADD9}.Debug|Any CPU.Build.0 = Debug|Any CPU
		{4A2DE39D-D96A-4084-AED3-D7C7F80BADD9}.Release|Any CPU.ActiveCfg = Release|Any CPU
		{4A2DE39D-D96A-4084-AED3-D7C7F80BADD9}.Release|Any CPU.Build.0 = Release|Any CPU
		{925C8D26-AA39-4685-B0E7-B17E0D212A21}.Debug|Any CPU.ActiveCfg = Debug|Any CPU
		{925C8D26-AA39-4685-B0E7-B17E0D212A21}.Debug|Any CPU.Build.0 = Debug|Any CPU
		{925C8D26-AA39-4685-B0E7-B17E0D212A21}.Release|Any CPU.ActiveCfg = Release|Any CPU
		{925C8D26-AA39-4685-B0E7-B17E0D212A21}.Release|Any CPU.Build.0 = Release|Any CPU
	EndGlobalSection
	GlobalSection(SolutionProperties) = preSolution
		HideSolutionNode = FALSE
	EndGlobalSection
	GlobalSection(ExtensibilityGlobals) = postSolution
		SolutionGuid = {11EA45B6-B032-44FB-B5E8-43A5EE88B46C}
	EndGlobalSection
EndGlobal
